
Microsoft Visual Studio Solution File, Format Version 12.00
# Visual Studio Version 17
VisualStudioVersion = 17.5.33530.505
MinimumVisualStudioVersion = 10.0.40219.1
Project("{F184B08F-C81C-45F6-A57F-5ABD9991F28F}") = "Perpus", "Perpus.vbproj", "{5C165DB8-1E25-427C-BC53-7C4D2FD90B5D}"
EndProject
Global
	GlobalSection(SolutionConfigurationPlatforms) = preSolution
		Debug|Any CPU = Debug|Any CPU
		Release|Any CPU = Release|Any CPU
	EndGlobalSection
	GlobalSection(ProjectConfigurationPlatforms) = postSolution
		{5C165DB8-1E25-427C-BC53-7C4D2FD90B5D}.Debug|Any CPU.ActiveCfg = Debug|Any CPU
		{5C165DB8-1E25-427C-BC53-7C4D2FD90B5D}.Debug|Any CPU.Build.0 = Debug|Any CPU
		{5C165DB8-1E25-427C-BC53-7C4D2FD90B5D}.Release|Any CPU.ActiveCfg = Release|Any CPU
		{5C165DB8-1E25-427C-BC53-7C4D2FD90B5D}.Release|Any CPU.Build.0 = Release|Any CPU
	EndGlobalSection
	GlobalSection(SolutionProperties) = preSolution
		HideSolutionNode = FALSE
	EndGlobalSection
	GlobalSection(ExtensibilityGlobals) = postSolution
		SolutionGuid = {E900A962-736E-432F-8B0E-86C319271A92}
	EndGlobalSection
EndGlobal
